
Microsoft Visual Studio Solution File, Format Version 12.00
# Visual Studio Version 17
VisualStudioVersion = 17.0.31912.275
MinimumVisualStudioVersion = 10.0.40219.1
Project("{FAE04EC0-301F-11D3-BF4B-00C04F79EFBC}") = "Projeto01", "Projeto01\Projeto01.csproj", "{C9552EDF-BC5A-41CA-9ED9-30E736C857F8}"
EndProject
Global
	GlobalSection(SolutionConfigurationPlatforms) = preSolution
		Debug|Any CPU = Debug|Any CPU
		Release|Any CPU = Release|Any CPU
	EndGlobalSection
	GlobalSection(ProjectConfigurationPlatforms) = postSolution
		{C9552EDF-BC5A-41CA-9ED9-30E736C857F8}.Debug|Any CPU.ActiveCfg = Debug|Any CPU
		{C9552EDF-BC5A-41CA-9ED9-30E736C857F8}.Debug|Any CPU.Build.0 = Debug|Any CPU
		{C9552EDF-BC5A-41CA-9ED9-30E736C857F8}.Release|Any CPU.ActiveCfg = Release|Any CPU
		{C9552EDF-BC5A-41CA-9ED9-30E736C857F8}.Release|Any CPU.Build.0 = Release|Any CPU
	EndGlobalSection
	GlobalSection(SolutionProperties) = preSolution
		HideSolutionNode = FALSE
	EndGlobalSection
	GlobalSection(ExtensibilityGlobals) = postSolution
		SolutionGuid = {84007E04-0063-4C72-9C72-3D64B1181FED}
	EndGlobalSection
EndGlobal
